
Microsoft Visual Studio Solution File, Format Version 12.00
# Visual Studio Version 17
VisualStudioVersion = 17.3.32825.248
MinimumVisualStudioVersion = 10.0.40219.1
Project("{FAE04EC0-301F-11D3-BF4B-00C04F79EFBC}") = "Calculadora", "Calculadora.csproj", "{2AB6E7A9-1A1D-433B-ACA4-F605A10C0D92}"
EndProject
Global
	GlobalSection(SolutionConfigurationPlatforms) = preSolution
		Debug|Any CPU = Debug|Any CPU
		Release|Any CPU = Release|Any CPU
	EndGlobalSection
	GlobalSection(ProjectConfigurationPlatforms) = postSolution
		{2AB6E7A9-1A1D-433B-ACA4-F605A10C0D92}.Debug|Any CPU.ActiveCfg = Debug|Any CPU
		{2AB6E7A9-1A1D-433B-ACA4-F605A10C0D92}.Debug|Any CPU.Build.0 = Debug|Any CPU
		{2AB6E7A9-1A1D-433B-ACA4-F605A10C0D92}.Release|Any CPU.ActiveCfg = Release|Any CPU
		{2AB6E7A9-1A1D-433B-ACA4-F605A10C0D92}.Release|Any CPU.Build.0 = Release|Any CPU
	EndGlobalSection
	GlobalSection(SolutionProperties) = preSolution
		HideSolutionNode = FALSE
	EndGlobalSection
	GlobalSection(ExtensibilityGlobals) = postSolution
		SolutionGuid = {0A2D046D-CD35-438E-851A-5695BE38E7D5}
	EndGlobalSection
EndGlobal
